// !$*UTF8*$!
{
	archiveVersion = 1;
	classes = {
	};
	objectVersion = 55;
	objects = {

/* Begin PBXBuildFile section */
		063175B127794BAA005F2EFC /* AppDelegate.swift in Sources */ = {isa = PBXBuildFile; fileRef = 063175B027794BAA005F2EFC /* AppDelegate.swift */; };
		063175B327794BAA005F2EFC /* SceneDelegate.swift in Sources */ = {isa = PBXBuildFile; fileRef = 063175B227794BAA005F2EFC /* SceneDelegate.swift */; };
		063175B527794BAA005F2EFC /* MainViewController.swift in Sources */ = {isa = PBXBuildFile; fileRef = 063175B427794BAA005F2EFC /* MainViewController.swift */; };
		063175B827794BAA005F2EFC /* Main.storyboard in Resources */ = {isa = PBXBuildFile; fileRef = 063175B627794BAA005F2EFC /* Main.storyboard */; };
		063175BA27794BAB005F2EFC /* Assets.xcassets in Resources */ = {isa = PBXBuildFile; fileRef = 063175B927794BAB005F2EFC /* Assets.xcassets */; };
		063175BD27794BAB005F2EFC /* LaunchScreen.storyboard in Resources */ = {isa = PBXBuildFile; fileRef = 063175BB27794BAB005F2EFC /* LaunchScreen.storyboard */; };
		063175C52779906D005F2EFC /* ContentListViewController.swift in Sources */ = {isa = PBXBuildFile; fileRef = 063175C42779906D005F2EFC /* ContentListViewController.swift */; };
		063175C727799103005F2EFC /* ContentDetailViewController.swift in Sources */ = {isa = PBXBuildFile; fileRef = 063175C627799103005F2EFC /* ContentDetailViewController.swift */; };
		063175C9277993A4005F2EFC /* WriteContentViewController.swift in Sources */ = {isa = PBXBuildFile; fileRef = 063175C8277993A4005F2EFC /* WriteContentViewController.swift */; };
		06391039278C52E8001F959B /* Bubble.swift in Sources */ = {isa = PBXBuildFile; fileRef = 06391038278C52E8001F959B /* Bubble.swift */; };
		064A7F282793FE7E0025D64F /* BubbleNode.swift in Sources */ = {isa = PBXBuildFile; fileRef = 064A7F272793FE7E0025D64F /* BubbleNode.swift */; };
		06E81A4E2793F9A100648C05 /* BubblesScene.swift in Sources */ = {isa = PBXBuildFile; fileRef = 06E81A4D2793F9A100648C05 /* BubblesScene.swift */; };
		B232F4AEA5A0308B1EE2C75E /* Pods_SparkProject.framework in Frameworks */ = {isa = PBXBuildFile; fileRef = 50E34B45FDF48EBC6B117FC5 /* Pods_SparkProject.framework */; };
/* End PBXBuildFile section */

/* Begin PBXFileReference section */
		063175AD27794BAA005F2EFC /* SparkProject.app */ = {isa = PBXFileReference; explicitFileType = wrapper.application; includeInIndex = 0; path = SparkProject.app; sourceTree = BUILT_PRODUCTS_DIR; };
		063175B027794BAA005F2EFC /* AppDelegate.swift */ = {isa = PBXFileReference; lastKnownFileType = sourcecode.swift; path = AppDelegate.swift; sourceTree = "<group>"; };
		063175B227794BAA005F2EFC /* SceneDelegate.swift */ = {isa = PBXFileReference; lastKnownFileType = sourcecode.swift; path = SceneDelegate.swift; sourceTree = "<group>"; };
		063175B427794BAA005F2EFC /* MainViewController.swift */ = {isa = PBXFileReference; lastKnownFileType = sourcecode.swift; path = MainViewController.swift; sourceTree = "<group>"; };
		063175B727794BAA005F2EFC /* Base */ = {isa = PBXFileReference; lastKnownFileType = file.storyboard; name = Base; path = Base.lproj/Main.storyboard; sourceTree = "<group>"; };
		063175B927794BAB005F2EFC /* Assets.xcassets */ = {isa = PBXFileReference; lastKnownFileType = folder.assetcatalog; path = Assets.xcassets; sourceTree = "<group>"; };
		063175BC27794BAB005F2EFC /* Base */ = {isa = PBXFileReference; lastKnownFileType = file.storyboard; name = Base; path = Base.lproj/LaunchScreen.storyboard; sourceTree = "<group>"; };
		063175BE27794BAB005F2EFC /* Info.plist */ = {isa = PBXFileReference; lastKnownFileType = text.plist.xml; path = Info.plist; sourceTree = "<group>"; };
		063175C42779906D005F2EFC /* ContentListViewController.swift */ = {isa = PBXFileReference; lastKnownFileType = sourcecode.swift; path = ContentListViewController.swift; sourceTree = "<group>"; };
		063175C627799103005F2EFC /* ContentDetailViewController.swift */ = {isa = PBXFileReference; lastKnownFileType = sourcecode.swift; path = ContentDetailViewController.swift; sourceTree = "<group>"; };
		063175C8277993A4005F2EFC /* WriteContentViewController.swift */ = {isa = PBXFileReference; lastKnownFileType = sourcecode.swift; path = WriteContentViewController.swift; sourceTree = "<group>"; };
		06391038278C52E8001F959B /* Bubble.swift */ = {isa = PBXFileReference; lastKnownFileType = sourcecode.swift; path = Bubble.swift; sourceTree = "<group>"; };
		064A7F272793FE7E0025D64F /* BubbleNode.swift */ = {isa = PBXFileReference; lastKnownFileType = sourcecode.swift; path = BubbleNode.swift; sourceTree = "<group>"; };
		06E81A4D2793F9A100648C05 /* BubblesScene.swift */ = {isa = PBXFileReference; lastKnownFileType = sourcecode.swift; path = BubblesScene.swift; sourceTree = "<group>"; };
		1405B7E08857FD1B62623A5B /* Pods-SparkProject.debug.xcconfig */ = {isa = PBXFileReference; includeInIndex = 1; lastKnownFileType = text.xcconfig; name = "Pods-SparkProject.debug.xcconfig"; path = "Target Support Files/Pods-SparkProject/Pods-SparkProject.debug.xcconfig"; sourceTree = "<group>"; };
		50E34B45FDF48EBC6B117FC5 /* Pods_SparkProject.framework */ = {isa = PBXFileReference; explicitFileType = wrapper.framework; includeInIndex = 0; path = Pods_SparkProject.framework; sourceTree = BUILT_PRODUCTS_DIR; };
		9BF7174C4BC79AE099006A52 /* Pods-SparkProject.release.xcconfig */ = {isa = PBXFileReference; includeInIndex = 1; lastKnownFileType = text.xcconfig; name = "Pods-SparkProject.release.xcconfig"; path = "Target Support Files/Pods-SparkProject/Pods-SparkProject.release.xcconfig"; sourceTree = "<group>"; };
/* End PBXFileReference section */

/* Begin PBXFrameworksBuildPhase section */
		063175AA27794BAA005F2EFC /* Frameworks */ = {
			isa = PBXFrameworksBuildPhase;
			buildActionMask = 2147483647;
			files = (
				B232F4AEA5A0308B1EE2C75E /* Pods_SparkProject.framework in Frameworks */,
			);
			runOnlyForDeploymentPostprocessing = 0;
		};
/* End PBXFrameworksBuildPhase section */

/* Begin PBXGroup section */
		063175A427794BAA005F2EFC = {
			isa = PBXGroup;
			children = (
				063175AF27794BAA005F2EFC /* SparkProject */,
				063175AE27794BAA005F2EFC /* Products */,
				72803B24835BDC9EF0B5AB38 /* Pods */,
				5913B26B1A0B83E8D9354663 /* Frameworks */,
			);
			sourceTree = "<group>";
		};
		063175AE27794BAA005F2EFC /* Products */ = {
			isa = PBXGroup;
			children = (
				063175AD27794BAA005F2EFC /* SparkProject.app */,
			);
			name = Products;
			sourceTree = "<group>";
		};
		063175AF27794BAA005F2EFC /* SparkProject */ = {
			isa = PBXGroup;
			children = (
				063175B027794BAA005F2EFC /* AppDelegate.swift */,
				063175B227794BAA005F2EFC /* SceneDelegate.swift */,
				063175B427794BAA005F2EFC /* MainViewController.swift */,
				063175B627794BAA005F2EFC /* Main.storyboard */,
				063175C8277993A4005F2EFC /* WriteContentViewController.swift */,
				063175C627799103005F2EFC /* ContentDetailViewController.swift */,
				063175C42779906D005F2EFC /* ContentListViewController.swift */,
				063175B927794BAB005F2EFC /* Assets.xcassets */,
				063175BB27794BAB005F2EFC /* LaunchScreen.storyboard */,
				063175BE27794BAB005F2EFC /* Info.plist */,
				06391038278C52E8001F959B /* Bubble.swift */,
				06E81A4D2793F9A100648C05 /* BubblesScene.swift */,
				064A7F272793FE7E0025D64F /* BubbleNode.swift */,
			);
			path = SparkProject;
			sourceTree = "<group>";
		};
		5913B26B1A0B83E8D9354663 /* Frameworks */ = {
			isa = PBXGroup;
			children = (
				50E34B45FDF48EBC6B117FC5 /* Pods_SparkProject.framework */,
			);
			name = Frameworks;
			sourceTree = "<group>";
		};
		72803B24835BDC9EF0B5AB38 /* Pods */ = {
			isa = PBXGroup;
			children = (
				1405B7E08857FD1B62623A5B /* Pods-SparkProject.debug.xcconfig */,
				9BF7174C4BC79AE099006A52 /* Pods-SparkProject.release.xcconfig */,
			);
			path = Pods;
			sourceTree = "<group>";
		};
/* End PBXGroup section */

/* Begin PBXNativeTarget section */
		063175AC27794BAA005F2EFC /* SparkProject */ = {
			isa = PBXNativeTarget;
			buildConfigurationList = 063175C127794BAB005F2EFC /* Build configuration list for PBXNativeTarget "SparkProject" */;
			buildPhases = (
				966CCA40D970ED914E5B88A3 /* [CP] Check Pods Manifest.lock */,
				063175A927794BAA005F2EFC /* Sources */,
				063175AA27794BAA005F2EFC /* Frameworks */,
				063175AB27794BAA005F2EFC /* Resources */,
				6D39BDDEAADA1C75944D4893 /* [CP] Embed Pods Frameworks */,
			);
			buildRules = (
			);
			dependencies = (
			);
			name = SparkProject;
			productName = SparkProject;
			productReference = 063175AD27794BAA005F2EFC /* SparkProject.app */;
			productType = "com.apple.product-type.application";
		};
/* End PBXNativeTarget section */

/* Begin PBXProject section */
		063175A527794BAA005F2EFC /* Project object */ = {
			isa = PBXProject;
			attributes = {
				BuildIndependentTargetsInParallel = 1;
				LastSwiftUpdateCheck = 1320;
				LastUpgradeCheck = 1320;
				TargetAttributes = {
					063175AC27794BAA005F2EFC = {
						CreatedOnToolsVersion = 13.2.1;
					};
				};
			};
			buildConfigurationList = 063175A827794BAA005F2EFC /* Build configuration list for PBXProject "SparkProject" */;
			compatibilityVersion = "Xcode 13.0";
			developmentRegion = en;
			hasScannedForEncodings = 0;
			knownRegions = (
				en,
				Base,
			);
			mainGroup = 063175A427794BAA005F2EFC;
			productRefGroup = 063175AE27794BAA005F2EFC /* Products */;
			projectDirPath = "";
			projectRoot = "";
			targets = (
				063175AC27794BAA005F2EFC /* SparkProject */,
			);
		};
/* End PBXProject section */

/* Begin PBXResourcesBuildPhase section */
		063175AB27794BAA005F2EFC /* Resources */ = {
			isa = PBXResourcesBuildPhase;
			buildActionMask = 2147483647;
			files = (
				063175BD27794BAB005F2EFC /* LaunchScreen.storyboard in Resources */,
				063175BA27794BAB005F2EFC /* Assets.xcassets in Resources */,
				063175B827794BAA005F2EFC /* Main.storyboard in Resources */,
			);
			runOnlyForDeploymentPostprocessing = 0;
		};
/* End PBXResourcesBuildPhase section */

/* Begin PBXShellScriptBuildPhase section */
		6D39BDDEAADA1C75944D4893 /* [CP] Embed Pods Frameworks */ = {
			isa = PBXShellScriptBuildPhase;
			buildActionMask = 2147483647;
			files = (
			);
			inputFileListPaths = (
				"${PODS_ROOT}/Target Support Files/Pods-SparkProject/Pods-SparkProject-frameworks-${CONFIGURATION}-input-files.xcfilelist",
			);
			name = "[CP] Embed Pods Frameworks";
			outputFileListPaths = (
				"${PODS_ROOT}/Target Support Files/Pods-SparkProject/Pods-SparkProject-frameworks-${CONFIGURATION}-output-files.xcfilelist",
			);
			runOnlyForDeploymentPostprocessing = 0;
			shellPath = /bin/sh;
			shellScript = "\"${PODS_ROOT}/Target Support Files/Pods-SparkProject/Pods-SparkProject-frameworks.sh\"\n";
			showEnvVarsInLog = 0;
		};
		966CCA40D970ED914E5B88A3 /* [CP] Check Pods Manifest.lock */ = {
			isa = PBXShellScriptBuildPhase;
			buildActionMask = 2147483647;
			files = (
			);
			inputFileListPaths = (
			);
			inputPaths = (
				"${PODS_PODFILE_DIR_PATH}/Podfile.lock",
				"${PODS_ROOT}/Manifest.lock",
			);
			name = "[CP] Check Pods Manifest.lock";
			outputFileListPaths = (
			);
			outputPaths = (
				"$(DERIVED_FILE_DIR)/Pods-SparkProject-checkManifestLockResult.txt",
			);
			runOnlyForDeploymentPostprocessing = 0;
			shellPath = /bin/sh;
			shellScript = "diff \"${PODS_PODFILE_DIR_PATH}/Podfile.lock\" \"${PODS_ROOT}/Manifest.lock\" > /dev/null\nif [ $? != 0 ] ; then\n    # print error to STDERR\n    echo \"error: The sandbox is not in sync with the Podfile.lock. Run 'pod install' or update your CocoaPods installation.\" >&2\n    exit 1\nfi\n# This output is used by Xcode 'outputs' to avoid re-running this script phase.\necho \"SUCCESS\" > \"${SCRIPT_OUTPUT_FILE_0}\"\n";
			showEnvVarsInLog = 0;
		};
/* End PBXShellScriptBuildPhase section */

/* Begin PBXSourcesBuildPhase section */
		063175A927794BAA005F2EFC /* Sources */ = {
			isa = PBXSourcesBuildPhase;
			buildActionMask = 2147483647;
			files = (
				063175C9277993A4005F2EFC /* WriteContentViewController.swift in Sources */,
				063175C52779906D005F2EFC /* ContentListViewController.swift in Sources */,
				06E81A4E2793F9A100648C05 /* BubblesScene.swift in Sources */,
				064A7F282793FE7E0025D64F /* BubbleNode.swift in Sources */,
				063175B527794BAA005F2EFC /* MainViewController.swift in Sources */,
				06391039278C52E8001F959B /* Bubble.swift in Sources */,
				063175C727799103005F2EFC /* ContentDetailViewController.swift in Sources */,
				063175B127794BAA005F2EFC /* AppDelegate.swift in Sources */,
				063175B327794BAA005F2EFC /* SceneDelegate.swift in Sources */,
			);
			runOnlyForDeploymentPostprocessing = 0;
		};
/* End PBXSourcesBuildPhase section */

/* Begin PBXVariantGroup section */
		063175B627794BAA005F2EFC /* Main.storyboard */ = {
			isa = PBXVariantGroup;
			children = (
				063175B727794BAA005F2EFC /* Base */,
			);
			name = Main.storyboard;
			sourceTree = "<group>";
		};
		063175BB27794BAB005F2EFC /* LaunchScreen.storyboard */ = {
			isa = PBXVariantGroup;
			children = (
				063175BC27794BAB005F2EFC /* Base */,
			);
			name = LaunchScreen.storyboard;
			sourceTree = "<group>";
		};
/* End PBXVariantGroup section */

/* Begin XCBuildConfiguration section */
		063175BF27794BAB005F2EFC /* Debug */ = {
			isa = XCBuildConfiguration;
			buildSettings = {
				ALWAYS_SEARCH_USER_PATHS = NO;
				CLANG_ANALYZER_NONNULL = YES;
				CLANG_ANALYZER_NUMBER_OBJECT_CONVERSION = YES_AGGRESSIVE;
				CLANG_CXX_LANGUAGE_STANDARD = "gnu++17";
				CLANG_CXX_LIBRARY = "libc++";
				CLANG_ENABLE_MODULES = YES;
				CLANG_ENABLE_OBJC_ARC = YES;
				CLANG_ENABLE_OBJC_WEAK = YES;
				CLANG_WARN_BLOCK_CAPTURE_AUTORELEASING = YES;
				CLANG_WARN_BOOL_CONVERSION = YES;
				CLANG_WARN_COMMA = YES;
				CLANG_WARN_CONSTANT_CONVERSION = YES;
				CLANG_WARN_DEPRECATED_OBJC_IMPLEMENTATIONS = YES;
				CLANG_WARN_DIRECT_OBJC_ISA_USAGE = YES_ERROR;
				CLANG_WARN_DOCUMENTATION_COMMENTS = YES;
				CLANG_WARN_EMPTY_BODY = YES;
				CLANG_WARN_ENUM_CONVERSION = YES;
				CLANG_WARN_INFINITE_RECURSION = YES;
				CLANG_WARN_INT_CONVERSION = YES;
				CLANG_WARN_NON_LITERAL_NULL_CONVERSION = YES;
				CLANG_WARN_OBJC_IMPLICIT_RETAIN_SELF = YES;
				CLANG_WARN_OBJC_LITERAL_CONVERSION = YES;
				CLANG_WARN_OBJC_ROOT_CLASS = YES_ERROR;
				CLANG_WARN_QUOTED_INCLUDE_IN_FRAMEWORK_HEADER = YES;
				CLANG_WARN_RANGE_LOOP_ANALYSIS = YES;
				CLANG_WARN_STRICT_PROTOTYPES = YES;
				CLANG_WARN_SUSPICIOUS_MOVE = YES;
				CLANG_WARN_UNGUARDED_AVAILABILITY = YES_AGGRESSIVE;
				CLANG_WARN_UNREACHABLE_CODE = YES;
				CLANG_WARN__DUPLICATE_METHOD_MATCH = YES;
				COPY_PHASE_STRIP = NO;
				DEBUG_INFORMATION_FORMAT = dwarf;
				ENABLE_STRICT_OBJC_MSGSEND = YES;
				ENABLE_TESTABILITY = YES;
				GCC_C_LANGUAGE_STANDARD = gnu11;
				GCC_DYNAMIC_NO_PIC = NO;
				GCC_NO_COMMON_BLOCKS = YES;
				GCC_OPTIMIZATION_LEVEL = 0;
				GCC_PREPROCESSOR_DEFINITIONS = (
					"DEBUG=1",
					"$(inherited)",
				);
				GCC_WARN_64_TO_32_BIT_CONVERSION = YES;
				GCC_WARN_ABOUT_RETURN_TYPE = YES_ERROR;
				GCC_WARN_UNDECLARED_SELECTOR = YES;
				GCC_WARN_UNINITIALIZED_AUTOS = YES_AGGRESSIVE;
				GCC_WARN_UNUSED_FUNCTION = YES;
				GCC_WARN_UNUSED_VARIABLE = YES;
				IPHONEOS_DEPLOYMENT_TARGET = 15.2;
				MTL_ENABLE_DEBUG_INFO = INCLUDE_SOURCE;
				MTL_FAST_MATH = YES;
				ONLY_ACTIVE_ARCH = YES;
				SDKROOT = iphoneos;
				SWIFT_ACTIVE_COMPILATION_CONDITIONS = DEBUG;
				SWIFT_OPTIMIZATION_LEVEL = "-Onone";
			};
			name = Debug;
		};
		063175C027794BAB005F2EFC /* Release */ = {
			isa = XCBuildConfiguration;
			buildSettings = {
				ALWAYS_SEARCH_USER_PATHS = NO;
				CLANG_ANALYZER_NONNULL = YES;
				CLANG_ANALYZER_NUMBER_OBJECT_CONVERSION = YES_AGGRESSIVE;
				CLANG_CXX_LANGUAGE_STANDARD = "gnu++17";
				CLANG_CXX_LIBRARY = "libc++";
				CLANG_ENABLE_MODULES = YES;
				CLANG_ENABLE_OBJC_ARC = YES;
				CLANG_ENABLE_OBJC_WEAK = YES;
				CLANG_WARN_BLOCK_CAPTURE_AUTORELEASING = YES;
				CLANG_WARN_BOOL_CONVERSION = YES;
				CLANG_WARN_COMMA = YES;
				CLANG_WARN_CONSTANT_CONVERSION = YES;
				CLANG_WARN_DEPRECATED_OBJC_IMPLEMENTATIONS = YES;
				CLANG_WARN_DIRECT_OBJC_ISA_USAGE = YES_ERROR;
				CLANG_WARN_DOCUMENTATION_COMMENTS = YES;
				CLANG_WARN_EMPTY_BODY = YES;
				CLANG_WARN_ENUM_CONVERSION = YES;
				CLANG_WARN_INFINITE_RECURSION = YES;
				CLANG_WARN_INT_CONVERSION = YES;
				CLANG_WARN_NON_LITERAL_NULL_CONVERSION = YES;
				CLANG_WARN_OBJC_IMPLICIT_RETAIN_SELF = YES;
				CLANG_WARN_OBJC_LITERAL_CONVERSION = YES;
				CLANG_WARN_OBJC_ROOT_CLASS = YES_ERROR;
				CLANG_WARN_QUOTED_INCLUDE_IN_FRAMEWORK_HEADER = YES;
				CLANG_WARN_RANGE_LOOP_ANALYSIS = YES;
				CLANG_WARN_STRICT_PROTOTYPES = YES;
				CLANG_WARN_SUSPICIOUS_MOVE = YES;
				CLANG_WARN_UNGUARDED_AVAILABILITY = YES_AGGRESSIVE;
				CLANG_WARN_UNREACHABLE_CODE = YES;
				CLANG_WARN__DUPLICATE_METHOD_MATCH = YES;
				COPY_PHASE_STRIP = NO;
				DEBUG_INFORMATION_FORMAT = "dwarf-with-dsym";
				ENABLE_NS_ASSERTIONS = NO;
				ENABLE_STRICT_OBJC_MSGSEND = YES;
				GCC_C_LANGUAGE_STANDARD = gnu11;
				GCC_NO_COMMON_BLOCKS = YES;
				GCC_WARN_64_TO_32_BIT_CONVERSION = YES;
				GCC_WARN_ABOUT_RETURN_TYPE = YES_ERROR;
				GCC_WARN_UNDECLARED_SELECTOR = YES;
				GCC_WARN_UNINITIALIZED_AUTOS = YES_AGGRESSIVE;
				GCC_WARN_UNUSED_FUNCTION = YES;
				GCC_WARN_UNUSED_VARIABLE = YES;
				IPHONEOS_DEPLOYMENT_TARGET = 15.2;
				MTL_ENABLE_DEBUG_INFO = NO;
				MTL_FAST_MATH = YES;
				SDKROOT = iphoneos;
				SWIFT_COMPILATION_MODE = wholemodule;
				SWIFT_OPTIMIZATION_LEVEL = "-O";
				VALIDATE_PRODUCT = YES;
			};
			name = Release;
		};
		063175C227794BAB005F2EFC /* Debug */ = {
			isa = XCBuildConfiguration;
			baseConfigurationReference = 1405B7E08857FD1B62623A5B /* Pods-SparkProject.debug.xcconfig */;
			buildSettings = {
				ASSETCATALOG_COMPILER_APPICON_NAME = AppIcon;
				ASSETCATALOG_COMPILER_GLOBAL_ACCENT_COLOR_NAME = AccentColor;
				CODE_SIGN_STYLE = Automatic;
				CURRENT_PROJECT_VERSION = 1;
				GENERATE_INFOPLIST_FILE = YES;
				INFOPLIST_FILE = SparkProject/Info.plist;
				INFOPLIST_KEY_UIApplicationSupportsIndirectInputEvents = YES;
				INFOPLIST_KEY_UILaunchStoryboardName = LaunchScreen;
				INFOPLIST_KEY_UIMainStoryboardFile = Main;
				INFOPLIST_KEY_UISupportedInterfaceOrientations_iPad = "UIInterfaceOrientationPortrait UIInterfaceOrientationPortraitUpsideDown UIInterfaceOrientationLandscapeLeft UIInterfaceOrientationLandscapeRight";
				INFOPLIST_KEY_UISupportedInterfaceOrientations_iPhone = "UIInterfaceOrientationPortrait UIInterfaceOrientationLandscapeLeft UIInterfaceOrientationLandscapeRight";
				LD_RUNPATH_SEARCH_PATHS = (
					"$(inherited)",
					"@executable_path/Frameworks",
				);
				MARKETING_VERSION = 1.0;
				PRODUCT_BUNDLE_IDENTIFIER = net.idaeho.SparkProject;
				PRODUCT_NAME = "$(TARGET_NAME)";
				SWIFT_EMIT_LOC_STRINGS = YES;
				SWIFT_VERSION = 5.0;
				TARGETED_DEVICE_FAMILY = "1,2";
			};
			name = Debug;
		};
		063175C327794BAB005F2EFC /* Release */ = {
			isa = XCBuildConfiguration;
			baseConfigurationReference = 9BF7174C4BC79AE099006A52 /* Pods-SparkProject.release.xcconfig */;
			buildSettings = {
				ASSETCATALOG_COMPILER_APPICON_NAME = AppIcon;
				ASSETCATALOG_COMPILER_GLOBAL_ACCENT_COLOR_NAME = AccentColor;
				CODE_SIGN_STYLE = Automatic;
				CURRENT_PROJECT_VERSION = 1;
				GENERATE_INFOPLIST_FILE = YES;
				INFOPLIST_FILE = SparkProject/Info.plist;
				INFOPLIST_KEY_UIApplicationSupportsIndirectInputEvents = YES;
				INFOPLIST_KEY_UILaunchStoryboardName = LaunchScreen;
				INFOPLIST_KEY_UIMainStoryboardFile = Main;
				INFOPLIST_KEY_UISupportedInterfaceOrientations_iPad = "UIInterfaceOrientationPortrait UIInterfaceOrientationPortraitUpsideDown UIInterfaceOrientationLandscapeLeft UIInterfaceOrientationLandscapeRight";
				INFOPLIST_KEY_UISupportedInterfaceOrientations_iPhone = "UIInterfaceOrientationPortrait UIInterfaceOrientationLandscapeLeft UIInterfaceOrientationLandscapeRight";
				LD_RUNPATH_SEARCH_PATHS = (
					"$(inherited)",
					"@executable_path/Frameworks",
				);
				MARKETING_VERSION = 1.0;
				PRODUCT_BUNDLE_IDENTIFIER = net.idaeho.SparkProject;
				PRODUCT_NAME = "$(TARGET_NAME)";
				SWIFT_EMIT_LOC_STRINGS = YES;
				SWIFT_VERSION = 5.0;
				TARGETED_DEVICE_FAMILY = "1,2";
			};
			name = Release;
		};
/* End XCBuildConfiguration section */

/* Begin XCConfigurationList section */
		063175A827794BAA005F2EFC /* Build configuration list for PBXProject "SparkProject" */ = {
			isa = XCConfigurationList;
			buildConfigurations = (
				063175BF27794BAB005F2EFC /* Debug */,
				063175C027794BAB005F2EFC /* Release */,
			);
			defaultConfigurationIsVisible = 0;
			defaultConfigurationName = Release;
		};
		063175C127794BAB005F2EFC /* Build configuration list for PBXNativeTarget "SparkProject" */ = {
			isa = XCConfigurationList;
			buildConfigurations = (
				063175C227794BAB005F2EFC /* Debug */,
				063175C327794BAB005F2EFC /* Release */,
			);
			defaultConfigurationIsVisible = 0;
			defaultConfigurationName = Release;
		};
/* End XCConfigurationList section */
	};
	rootObject = 063175A527794BAA005F2EFC /* Project object */;
}
